
Microsoft Visual Studio Solution File, Format Version 12.00
# Visual Studio Version 17
VisualStudioVersion = 17.14.37502.11 d17.14
MinimumVisualStudioVersion = 10.0.40219.1
Project("{FAE04EC0-301F-11D3-BF4B-00C04F79EFBC}") = "Talabat.Api", "Talabat.Api\Talabat.Api.csproj", "{7D200F44-7025-4FFD-8DFE-F7DA289D8246}"
EndProject
Global
	GlobalSection(SolutionConfigurationPlatforms) = preSolution
		Debug|Any CPU = Debug|Any CPU
		Release|Any CPU = Release|Any CPU
	EndGlobalSection
	GlobalSection(ProjectConfigurationPlatforms) = postSolution
		{7D200F44-7025-4FFD-8DFE-F7DA289D8246}.Debug|Any CPU.ActiveCfg = Debug|Any CPU
		{7D200F44-7025-4FFD-8DFE-F7DA289D8246}.Debug|Any CPU.Build.0 = Debug|Any CPU
		{7D200F44-7025-4FFD-8DFE-F7DA289D8246}.Release|Any CPU.ActiveCfg = Release|Any CPU
		{7D200F44-7025-4FFD-8DFE-F7DA289D8246}.Release|Any CPU.Build.0 = Release|Any CPU
	EndGlobalSection
	GlobalSection(SolutionProperties) = preSolution
		HideSolutionNode = FALSE
	EndGlobalSection
	GlobalSection(ExtensibilityGlobals) = postSolution
		SolutionGuid = {E4641A35-F8BA-4586-96E7-1E1D63046EAA}
	EndGlobalSection
EndGlobal
